
Microsoft Visual Studio Solution File, Format Version 12.00
# Visual Studio Version 17
VisualStudioVersion = 17.9.34902.65
MinimumVisualStudioVersion = 10.0.40219.1
Project("{FAE04EC0-301F-11D3-BF4B-00C04F79EFBC}") = "BigHatDataApi", "BigHatDataApi.csproj", "{B9B0220D-52B9-4198-BB16-98C74A6D3F6A}"
EndProject
Global
	GlobalSection(SolutionConfigurationPlatforms) = preSolution
		Debug|Any CPU = Debug|Any CPU
		Release|Any CPU = Release|Any CPU
	EndGlobalSection
	GlobalSection(ProjectConfigurationPlatforms) = postSolution
		{B9B0220D-52B9-4198-BB16-98C74A6D3F6A}.Debug|Any CPU.ActiveCfg = Debug|Any CPU
		{B9B0220D-52B9-4198-BB16-98C74A6D3F6A}.Debug|Any CPU.Build.0 = Debug|Any CPU
		{B9B0220D-52B9-4198-BB16-98C74A6D3F6A}.Release|Any CPU.ActiveCfg = Release|Any CPU
		{B9B0220D-52B9-4198-BB16-98C74A6D3F6A}.Release|Any CPU.Build.0 = Release|Any CPU
	EndGlobalSection
	GlobalSection(SolutionProperties) = preSolution
		HideSolutionNode = FALSE
	EndGlobalSection
	GlobalSection(ExtensibilityGlobals) = postSolution
		SolutionGuid = {3311B68D-B19F-4375-A569-A09ACE7D0908}
	EndGlobalSection
EndGlobal
